// !$*UTF8*$!
{
	archiveVersion = 1;
	classes = {
	};
	objectVersion = 46;
	objects = {

/* Begin PBXBuildFile section */
		0E14D3A31E1D3FEA003F5616 /* BingProviderError.swift in Sources */ = {isa = PBXBuildFile; fileRef = 0E14D3A21E1D3FEA003F5616 /* BingProviderError.swift */; };
		0E471A651D36B09400904060 /* AppController.swift in Sources */ = {isa = PBXBuildFile; fileRef = 0E471A641D36B09400904060 /* AppController.swift */; };
		0E471A681D36B49C00904060 /* Updatable.swift in Sources */ = {isa = PBXBuildFile; fileRef = 0E471A671D36B49C00904060 /* Updatable.swift */; };
		0E471A6B1D36B5E100904060 /* StatusMenuControllerTests.swift in Sources */ = {isa = PBXBuildFile; fileRef = 0E471A6A1D36B5E100904060 /* StatusMenuControllerTests.swift */; };
		0E9A2D271D2AD985007640A6 /* bing-multiple.json in Resources */ = {isa = PBXBuildFile; fileRef = 0E9A2D261D2AD985007640A6 /* bing-multiple.json */; };
		0EA99EC61D2596CC00805887 /* AppDelegate.swift in Sources */ = {isa = PBXBuildFile; fileRef = 0EA99EC51D2596CC00805887 /* AppDelegate.swift */; };
		0EA99EC81D2596CC00805887 /* Assets.xcassets in Resources */ = {isa = PBXBuildFile; fileRef = 0EA99EC71D2596CC00805887 /* Assets.xcassets */; };
		0EA99ECB1D2596CC00805887 /* MainMenu.xib in Resources */ = {isa = PBXBuildFile; fileRef = 0EA99EC91D2596CC00805887 /* MainMenu.xib */; };
		0EA99EEE1D259ACC00805887 /* StatusMenuController.swift in Sources */ = {isa = PBXBuildFile; fileRef = 0EA99EED1D259ACC00805887 /* StatusMenuController.swift */; };
		0EA99EF11D25AB1500805887 /* Fixture.swift in Sources */ = {isa = PBXBuildFile; fileRef = 0EA99EF01D25AB1500805887 /* Fixture.swift */; };
		0EA99EF31D25AD9A00805887 /* bing.json in Resources */ = {isa = PBXBuildFile; fileRef = 0EA99EF21D25AD9A00805887 /* bing.json */; };
		0EA99EF71D25B02100805887 /* ImageModel.swift in Sources */ = {isa = PBXBuildFile; fileRef = 0EA99EF61D25B02100805887 /* ImageModel.swift */; };
		0EA99EF91D25B04000805887 /* ImageModelTests.swift in Sources */ = {isa = PBXBuildFile; fileRef = 0EA99EF81D25B04000805887 /* ImageModelTests.swift */; };
		0EA99EFD1D26EE5400805887 /* BingProvider.swift in Sources */ = {isa = PBXBuildFile; fileRef = 0EA99EFC1D26EE5400805887 /* BingProvider.swift */; };
		0EA99F001D26EE9700805887 /* BingProviderTests.swift in Sources */ = {isa = PBXBuildFile; fileRef = 0EA99EFF1D26EE9700805887 /* BingProviderTests.swift */; };
		0EA99F031D26F78500805887 /* FakeURLSession.swift in Sources */ = {isa = PBXBuildFile; fileRef = 0EA99F021D26F78500805887 /* FakeURLSession.swift */; };
		0EA99F051D26F94000805887 /* Result.swift in Sources */ = {isa = PBXBuildFile; fileRef = 0EA99F041D26F94000805887 /* Result.swift */; };
		0EA99F0C1D27FAA400805887 /* BingImageParser.swift in Sources */ = {isa = PBXBuildFile; fileRef = 0EA99F0B1D27FAA400805887 /* BingImageParser.swift */; };
		0EA99F0F1D27FAD300805887 /* BingImageParserTests.swift in Sources */ = {isa = PBXBuildFile; fileRef = 0EA99F0E1D27FAD300805887 /* BingImageParserTests.swift */; };
/* End PBXBuildFile section */

/* Begin PBXContainerItemProxy section */
		0EA99ED21D2596CC00805887 /* PBXContainerItemProxy */ = {
			isa = PBXContainerItemProxy;
			containerPortal = 0EA99EBA1D2596CC00805887 /* Project object */;
			proxyType = 1;
			remoteGlobalIDString = 0EA99EC11D2596CC00805887;
			remoteInfo = DailyDesktop;
		};
/* End PBXContainerItemProxy section */

/* Begin PBXFileReference section */
		0E14D3A21E1D3FEA003F5616 /* BingProviderError.swift */ = {isa = PBXFileReference; fileEncoding = 4; lastKnownFileType = sourcecode.swift; path = BingProviderError.swift; sourceTree = "<group>"; };
		0E471A641D36B09400904060 /* AppController.swift */ = {isa = PBXFileReference; fileEncoding = 4; lastKnownFileType = sourcecode.swift; path = AppController.swift; sourceTree = "<group>"; };
		0E471A671D36B49C00904060 /* Updatable.swift */ = {isa = PBXFileReference; fileEncoding = 4; lastKnownFileType = sourcecode.swift; path = Updatable.swift; sourceTree = "<group>"; };
		0E471A6A1D36B5E100904060 /* StatusMenuControllerTests.swift */ = {isa = PBXFileReference; fileEncoding = 4; lastKnownFileType = sourcecode.swift; path = StatusMenuControllerTests.swift; sourceTree = "<group>"; };
		0E9A2D261D2AD985007640A6 /* bing-multiple.json */ = {isa = PBXFileReference; fileEncoding = 4; lastKnownFileType = text.json; path = "bing-multiple.json"; sourceTree = "<group>"; };
		0EA99EC21D2596CC00805887 /* DailyDesktop.app */ = {isa = PBXFileReference; explicitFileType = wrapper.application; includeInIndex = 0; path = DailyDesktop.app; sourceTree = BUILT_PRODUCTS_DIR; };
		0EA99EC51D2596CC00805887 /* AppDelegate.swift */ = {isa = PBXFileReference; lastKnownFileType = sourcecode.swift; path = AppDelegate.swift; sourceTree = "<group>"; };
		0EA99EC71D2596CC00805887 /* Assets.xcassets */ = {isa = PBXFileReference; lastKnownFileType = folder.assetcatalog; path = Assets.xcassets; sourceTree = "<group>"; };
		0EA99ECA1D2596CC00805887 /* Base */ = {isa = PBXFileReference; lastKnownFileType = file.xib; name = Base; path = Base.lproj/MainMenu.xib; sourceTree = "<group>"; };
		0EA99ECC1D2596CC00805887 /* Info.plist */ = {isa = PBXFileReference; lastKnownFileType = text.plist.xml; path = Info.plist; sourceTree = "<group>"; };
		0EA99ED11D2596CC00805887 /* DailyDesktopTests.xctest */ = {isa = PBXFileReference; explicitFileType = wrapper.cfbundle; includeInIndex = 0; path = DailyDesktopTests.xctest; sourceTree = BUILT_PRODUCTS_DIR; };
		0EA99ED71D2596CC00805887 /* Info.plist */ = {isa = PBXFileReference; lastKnownFileType = text.plist.xml; path = Info.plist; sourceTree = "<group>"; };
		0EA99EED1D259ACC00805887 /* StatusMenuController.swift */ = {isa = PBXFileReference; fileEncoding = 4; lastKnownFileType = sourcecode.swift; path = StatusMenuController.swift; sourceTree = "<group>"; };
		0EA99EF01D25AB1500805887 /* Fixture.swift */ = {isa = PBXFileReference; fileEncoding = 4; lastKnownFileType = sourcecode.swift; path = Fixture.swift; sourceTree = "<group>"; };
		0EA99EF21D25AD9A00805887 /* bing.json */ = {isa = PBXFileReference; fileEncoding = 4; lastKnownFileType = text.json; path = bing.json; sourceTree = "<group>"; };
		0EA99EF61D25B02100805887 /* ImageModel.swift */ = {isa = PBXFileReference; fileEncoding = 4; lastKnownFileType = sourcecode.swift; path = ImageModel.swift; sourceTree = "<group>"; };
		0EA99EF81D25B04000805887 /* ImageModelTests.swift */ = {isa = PBXFileReference; fileEncoding = 4; lastKnownFileType = sourcecode.swift; path = ImageModelTests.swift; sourceTree = "<group>"; };
		0EA99EFC1D26EE5400805887 /* BingProvider.swift */ = {isa = PBXFileReference; fileEncoding = 4; lastKnownFileType = sourcecode.swift; path = BingProvider.swift; sourceTree = "<group>"; };
		0EA99EFF1D26EE9700805887 /* BingProviderTests.swift */ = {isa = PBXFileReference; fileEncoding = 4; lastKnownFileType = sourcecode.swift; path = BingProviderTests.swift; sourceTree = "<group>"; };
		0EA99F021D26F78500805887 /* FakeURLSession.swift */ = {isa = PBXFileReference; fileEncoding = 4; lastKnownFileType = sourcecode.swift; path = FakeURLSession.swift; sourceTree = "<group>"; };
		0EA99F041D26F94000805887 /* Result.swift */ = {isa = PBXFileReference; fileEncoding = 4; lastKnownFileType = sourcecode.swift; path = Result.swift; sourceTree = "<group>"; };
		0EA99F0B1D27FAA400805887 /* BingImageParser.swift */ = {isa = PBXFileReference; fileEncoding = 4; lastKnownFileType = sourcecode.swift; path = BingImageParser.swift; sourceTree = "<group>"; };
		0EA99F0E1D27FAD300805887 /* BingImageParserTests.swift */ = {isa = PBXFileReference; fileEncoding = 4; lastKnownFileType = sourcecode.swift; path = BingImageParserTests.swift; sourceTree = "<group>"; };
/* End PBXFileReference section */

/* Begin PBXFrameworksBuildPhase section */
		0EA99EBF1D2596CC00805887 /* Frameworks */ = {
			isa = PBXFrameworksBuildPhase;
			buildActionMask = 2147483647;
			files = (
			);
			runOnlyForDeploymentPostprocessing = 0;
		};
		0EA99ECE1D2596CC00805887 /* Frameworks */ = {
			isa = PBXFrameworksBuildPhase;
			buildActionMask = 2147483647;
			files = (
			);
			runOnlyForDeploymentPostprocessing = 0;
		};
/* End PBXFrameworksBuildPhase section */

/* Begin PBXGroup section */
		0E471A661D36B48100904060 /* Protocols */ = {
			isa = PBXGroup;
			children = (
				0E471A671D36B49C00904060 /* Updatable.swift */,
			);
			path = Protocols;
			sourceTree = "<group>";
		};
		0E471A691D36B5C400904060 /* Controllers */ = {
			isa = PBXGroup;
			children = (
				0E471A6A1D36B5E100904060 /* StatusMenuControllerTests.swift */,
			);
			path = Controllers;
			sourceTree = "<group>";
		};
		0EA99EB91D2596CC00805887 = {
			isa = PBXGroup;
			children = (
				0EA99EC41D2596CC00805887 /* DailyDesktop */,
				0EA99ED41D2596CC00805887 /* DailyDesktopTests */,
				0EA99EC31D2596CC00805887 /* Products */,
			);
			sourceTree = "<group>";
		};
		0EA99EC31D2596CC00805887 /* Products */ = {
			isa = PBXGroup;
			children = (
				0EA99EC21D2596CC00805887 /* DailyDesktop.app */,
				0EA99ED11D2596CC00805887 /* DailyDesktopTests.xctest */,
			);
			name = Products;
			sourceTree = "<group>";
		};
		0EA99EC41D2596CC00805887 /* DailyDesktop */ = {
			isa = PBXGroup;
			children = (
				0EA99EE91D259A3600805887 /* App */,
				0EA99EEA1D259A4400805887 /* Controllers */,
				0EA99EF41D25AF6B00805887 /* Models */,
				0EA99EFA1D26ED9400805887 /* Networking */,
				0EA99F0A1D27FA7F00805887 /* Parsers */,
				0E471A661D36B48100904060 /* Protocols */,
			);
			path = DailyDesktop;
			sourceTree = "<group>";
		};
		0EA99ED41D2596CC00805887 /* DailyDesktopTests */ = {
			isa = PBXGroup;
			children = (
				0E471A691D36B5C400904060 /* Controllers */,
				0EA99EEF1D25AACA00805887 /* Fixtures */,
				0EA99ED71D2596CC00805887 /* Info.plist */,
				0EA99EF51D25AF7300805887 /* Models */,
				0EA99EFB1D26EDB500805887 /* Networking */,
				0EA99F0D1D27FAB400805887 /* Parsers */,
				0EA99F011D26F75800805887 /* Test Helpers */,
			);
			path = DailyDesktopTests;
			sourceTree = "<group>";
		};
		0EA99EE91D259A3600805887 /* App */ = {
			isa = PBXGroup;
			children = (
				0EA99EC51D2596CC00805887 /* AppDelegate.swift */,
				0EA99EC71D2596CC00805887 /* Assets.xcassets */,
				0EA99EC91D2596CC00805887 /* MainMenu.xib */,
				0EA99ECC1D2596CC00805887 /* Info.plist */,
			);
			name = App;
			sourceTree = "<group>";
		};
		0EA99EEA1D259A4400805887 /* Controllers */ = {
			isa = PBXGroup;
			children = (
				0E471A641D36B09400904060 /* AppController.swift */,
				0EA99EED1D259ACC00805887 /* StatusMenuController.swift */,
			);
			path = Controllers;
			sourceTree = "<group>";
		};
		0EA99EEF1D25AACA00805887 /* Fixtures */ = {
			isa = PBXGroup;
			children = (
				0EA99EF21D25AD9A00805887 /* bing.json */,
				0E9A2D261D2AD985007640A6 /* bing-multiple.json */,
				0EA99EF01D25AB1500805887 /* Fixture.swift */,
			);
			path = Fixtures;
			sourceTree = "<group>";
		};
		0EA99EF41D25AF6B00805887 /* Models */ = {
			isa = PBXGroup;
			children = (
				0EA99EF61D25B02100805887 /* ImageModel.swift */,
				0EA99F041D26F94000805887 /* Result.swift */,
			);
			path = Models;
			sourceTree = "<group>";
		};
		0EA99EF51D25AF7300805887 /* Models */ = {
			isa = PBXGroup;
			children = (
				0EA99EF81D25B04000805887 /* ImageModelTests.swift */,
			);
			path = Models;
			sourceTree = "<group>";
		};
		0EA99EFA1D26ED9400805887 /* Networking */ = {
			isa = PBXGroup;
			children = (
				0EA99EFC1D26EE5400805887 /* BingProvider.swift */,
				0E14D3A21E1D3FEA003F5616 /* BingProviderError.swift */,
			);
			path = Networking;
			sourceTree = "<group>";
		};
		0EA99EFB1D26EDB500805887 /* Networking */ = {
			isa = PBXGroup;
			children = (
				0EA99EFF1D26EE9700805887 /* BingProviderTests.swift */,
			);
			path = Networking;
			sourceTree = "<group>";
		};
		0EA99F011D26F75800805887 /* Test Helpers */ = {
			isa = PBXGroup;
			children = (
				0EA99F021D26F78500805887 /* FakeURLSession.swift */,
			);
			name = "Test Helpers";
			path = TestHelpers;
			sourceTree = "<group>";
		};
		0EA99F0A1D27FA7F00805887 /* Parsers */ = {
			isa = PBXGroup;
			children = (
				0EA99F0B1D27FAA400805887 /* BingImageParser.swift */,
			);
			path = Parsers;
			sourceTree = "<group>";
		};
		0EA99F0D1D27FAB400805887 /* Parsers */ = {
			isa = PBXGroup;
			children = (
				0EA99F0E1D27FAD300805887 /* BingImageParserTests.swift */,
			);
			path = Parsers;
			sourceTree = "<group>";
		};
/* End PBXGroup section */

/* Begin PBXNativeTarget section */
		0EA99EC11D2596CC00805887 /* DailyDesktop */ = {
			isa = PBXNativeTarget;
			buildConfigurationList = 0EA99EDA1D2596CC00805887 /* Build configuration list for PBXNativeTarget "DailyDesktop" */;
			buildPhases = (
				0EA99EBE1D2596CC00805887 /* Sources */,
				0EA99EBF1D2596CC00805887 /* Frameworks */,
				0EA99EC01D2596CC00805887 /* Resources */,
			);
			buildRules = (
			);
			dependencies = (
			);
			name = DailyDesktop;
			productName = DailyDesktop;
			productReference = 0EA99EC21D2596CC00805887 /* DailyDesktop.app */;
			productType = "com.apple.product-type.application";
		};
		0EA99ED01D2596CC00805887 /* DailyDesktopTests */ = {
			isa = PBXNativeTarget;
			buildConfigurationList = 0EA99EDD1D2596CC00805887 /* Build configuration list for PBXNativeTarget "DailyDesktopTests" */;
			buildPhases = (
				0EA99ECD1D2596CC00805887 /* Sources */,
				0EA99ECE1D2596CC00805887 /* Frameworks */,
				0EA99ECF1D2596CC00805887 /* Resources */,
			);
			buildRules = (
			);
			dependencies = (
				0EA99ED31D2596CC00805887 /* PBXTargetDependency */,
			);
			name = DailyDesktopTests;
			productName = DailyDesktopTests;
			productReference = 0EA99ED11D2596CC00805887 /* DailyDesktopTests.xctest */;
			productType = "com.apple.product-type.bundle.unit-test";
		};
/* End PBXNativeTarget section */

/* Begin PBXProject section */
		0EA99EBA1D2596CC00805887 /* Project object */ = {
			isa = PBXProject;
			attributes = {
				LastSwiftUpdateCheck = 0730;
				LastUpgradeCheck = 0820;
				ORGANIZATIONNAME = "Paul Williamson";
				TargetAttributes = {
					0EA99EC11D2596CC00805887 = {
						CreatedOnToolsVersion = 7.3.1;
						LastSwiftMigration = 0820;
					};
					0EA99ED01D2596CC00805887 = {
						CreatedOnToolsVersion = 7.3.1;
						LastSwiftMigration = 0820;
						TestTargetID = 0EA99EC11D2596CC00805887;
					};
				};
			};
			buildConfigurationList = 0EA99EBD1D2596CC00805887 /* Build configuration list for PBXProject "DailyDesktop" */;
			compatibilityVersion = "Xcode 3.2";
			developmentRegion = English;
			hasScannedForEncodings = 0;
			knownRegions = (
				en,
				Base,
			);
			mainGroup = 0EA99EB91D2596CC00805887;
			productRefGroup = 0EA99EC31D2596CC00805887 /* Products */;
			projectDirPath = "";
			projectRoot = "";
			targets = (
				0EA99EC11D2596CC00805887 /* DailyDesktop */,
				0EA99ED01D2596CC00805887 /* DailyDesktopTests */,
			);
		};
/* End PBXProject section */

/* Begin PBXResourcesBuildPhase section */
		0EA99EC01D2596CC00805887 /* Resources */ = {
			isa = PBXResourcesBuildPhase;
			buildActionMask = 2147483647;
			files = (
				0EA99EC81D2596CC00805887 /* Assets.xcassets in Resources */,
				0EA99ECB1D2596CC00805887 /* MainMenu.xib in Resources */,
			);
			runOnlyForDeploymentPostprocessing = 0;
		};
		0EA99ECF1D2596CC00805887 /* Resources */ = {
			isa = PBXResourcesBuildPhase;
			buildActionMask = 2147483647;
			files = (
				0EA99EF31D25AD9A00805887 /* bing.json in Resources */,
				0E9A2D271D2AD985007640A6 /* bing-multiple.json in Resources */,
			);
			runOnlyForDeploymentPostprocessing = 0;
		};
/* End PBXResourcesBuildPhase section */

/* Begin PBXSourcesBuildPhase section */
		0EA99EBE1D2596CC00805887 /* Sources */ = {
			isa = PBXSourcesBuildPhase;
			buildActionMask = 2147483647;
			files = (
				0EA99EEE1D259ACC00805887 /* StatusMenuController.swift in Sources */,
				0EA99F051D26F94000805887 /* Result.swift in Sources */,
				0E14D3A31E1D3FEA003F5616 /* BingProviderError.swift in Sources */,
				0EA99EFD1D26EE5400805887 /* BingProvider.swift in Sources */,
				0E471A681D36B49C00904060 /* Updatable.swift in Sources */,
				0E471A651D36B09400904060 /* AppController.swift in Sources */,
				0EA99EF71D25B02100805887 /* ImageModel.swift in Sources */,
				0EA99F0C1D27FAA400805887 /* BingImageParser.swift in Sources */,
				0EA99EC61D2596CC00805887 /* AppDelegate.swift in Sources */,
			);
			runOnlyForDeploymentPostprocessing = 0;
		};
		0EA99ECD1D2596CC00805887 /* Sources */ = {
			isa = PBXSourcesBuildPhase;
			buildActionMask = 2147483647;
			files = (
				0EA99EF11D25AB1500805887 /* Fixture.swift in Sources */,
				0EA99F031D26F78500805887 /* FakeURLSession.swift in Sources */,
				0EA99EF91D25B04000805887 /* ImageModelTests.swift in Sources */,
				0EA99F0F1D27FAD300805887 /* BingImageParserTests.swift in Sources */,
				0E471A6B1D36B5E100904060 /* StatusMenuControllerTests.swift in Sources */,
				0EA99F001D26EE9700805887 /* BingProviderTests.swift in Sources */,
			);
			runOnlyForDeploymentPostprocessing = 0;
		};
/* End PBXSourcesBuildPhase section */

/* Begin PBXTargetDependency section */
		0EA99ED31D2596CC00805887 /* PBXTargetDependency */ = {
			isa = PBXTargetDependency;
			target = 0EA99EC11D2596CC00805887 /* DailyDesktop */;
			targetProxy = 0EA99ED21D2596CC00805887 /* PBXContainerItemProxy */;
		};
/* End PBXTargetDependency section */

/* Begin PBXVariantGroup section */
		0EA99EC91D2596CC00805887 /* MainMenu.xib */ = {
			isa = PBXVariantGroup;
			children = (
				0EA99ECA1D2596CC00805887 /* Base */,
			);
			name = MainMenu.xib;
			sourceTree = "<group>";
		};
/* End PBXVariantGroup section */

/* Begin XCBuildConfiguration section */
		0EA99ED81D2596CC00805887 /* Debug */ = {
			isa = XCBuildConfiguration;
			buildSettings = {
				ALWAYS_SEARCH_USER_PATHS = NO;
				CLANG_ANALYZER_NONNULL = YES;
				CLANG_CXX_LANGUAGE_STANDARD = "gnu++0x";
				CLANG_CXX_LIBRARY = "libc++";
				CLANG_ENABLE_MODULES = YES;
				CLANG_ENABLE_OBJC_ARC = YES;
				CLANG_WARN_BOOL_CONVERSION = YES;
				CLANG_WARN_CONSTANT_CONVERSION = YES;
				CLANG_WARN_DIRECT_OBJC_ISA_USAGE = YES_ERROR;
				CLANG_WARN_EMPTY_BODY = YES;
				CLANG_WARN_ENUM_CONVERSION = YES;
				CLANG_WARN_INFINITE_RECURSION = YES;
				CLANG_WARN_INT_CONVERSION = YES;
				CLANG_WARN_OBJC_ROOT_CLASS = YES_ERROR;
				CLANG_WARN_SUSPICIOUS_MOVE = YES;
				CLANG_WARN_UNREACHABLE_CODE = YES;
				CLANG_WARN__DUPLICATE_METHOD_MATCH = YES;
				CODE_SIGN_IDENTITY = "-";
				COPY_PHASE_STRIP = NO;
				DEBUG_INFORMATION_FORMAT = dwarf;
				ENABLE_STRICT_OBJC_MSGSEND = YES;
				ENABLE_TESTABILITY = YES;
				GCC_C_LANGUAGE_STANDARD = gnu99;
				GCC_DYNAMIC_NO_PIC = NO;
				GCC_NO_COMMON_BLOCKS = YES;
				GCC_OPTIMIZATION_LEVEL = 0;
				GCC_PREPROCESSOR_DEFINITIONS = (
					"DEBUG=1",
					"$(inherited)",
				);
				GCC_WARN_64_TO_32_BIT_CONVERSION = YES;
				GCC_WARN_ABOUT_RETURN_TYPE = YES_ERROR;
				GCC_WARN_UNDECLARED_SELECTOR = YES;
				GCC_WARN_UNINITIALIZED_AUTOS = YES_AGGRESSIVE;
				GCC_WARN_UNUSED_FUNCTION = YES;
				GCC_WARN_UNUSED_VARIABLE = YES;
				MACOSX_DEPLOYMENT_TARGET = 10.11;
				MTL_ENABLE_DEBUG_INFO = YES;
				ONLY_ACTIVE_ARCH = YES;
				SDKROOT = macosx;
				SWIFT_OPTIMIZATION_LEVEL = "-Onone";
			};
			name = Debug;
		};
		0EA99ED91D2596CC00805887 /* Release */ = {
			isa = XCBuildConfiguration;
			buildSettings = {
				ALWAYS_SEARCH_USER_PATHS = NO;
				CLANG_ANALYZER_NONNULL = YES;
				CLANG_CXX_LANGUAGE_STANDARD = "gnu++0x";
				CLANG_CXX_LIBRARY = "libc++";
				CLANG_ENABLE_MODULES = YES;
				CLANG_ENABLE_OBJC_ARC = YES;
				CLANG_WARN_BOOL_CONVERSION = YES;
				CLANG_WARN_CONSTANT_CONVERSION = YES;
				CLANG_WARN_DIRECT_OBJC_ISA_USAGE = YES_ERROR;
				CLANG_WARN_EMPTY_BODY = YES;
				CLANG_WARN_ENUM_CONVERSION = YES;
				CLANG_WARN_INFINITE_RECURSION = YES;
				CLANG_WARN_INT_CONVERSION = YES;
				CLANG_WARN_OBJC_ROOT_CLASS = YES_ERROR;
				CLANG_WARN_SUSPICIOUS_MOVE = YES;
				CLANG_WARN_UNREACHABLE_CODE = YES;
				CLANG_WARN__DUPLICATE_METHOD_MATCH = YES;
				CODE_SIGN_IDENTITY = "-";
				COPY_PHASE_STRIP = NO;
				DEBUG_INFORMATION_FORMAT = "dwarf-with-dsym";
				ENABLE_NS_ASSERTIONS = NO;
				ENABLE_STRICT_OBJC_MSGSEND = YES;
				GCC_C_LANGUAGE_STANDARD = gnu99;
				GCC_NO_COMMON_BLOCKS = YES;
				GCC_WARN_64_TO_32_BIT_CONVERSION = YES;
				GCC_WARN_ABOUT_RETURN_TYPE = YES_ERROR;
				GCC_WARN_UNDECLARED_SELECTOR = YES;
				GCC_WARN_UNINITIALIZED_AUTOS = YES_AGGRESSIVE;
				GCC_WARN_UNUSED_FUNCTION = YES;
				GCC_WARN_UNUSED_VARIABLE = YES;
				MACOSX_DEPLOYMENT_TARGET = 10.11;
				MTL_ENABLE_DEBUG_INFO = NO;
				SDKROOT = macosx;
				SWIFT_OPTIMIZATION_LEVEL = "-Owholemodule";
			};
			name = Release;
		};
		0EA99EDB1D2596CC00805887 /* Debug */ = {
			isa = XCBuildConfiguration;
			buildSettings = {
				ASSETCATALOG_COMPILER_APPICON_NAME = AppIcon;
				COMBINE_HIDPI_IMAGES = YES;
				INFOPLIST_FILE = DailyDesktop/Info.plist;
				LD_RUNPATH_SEARCH_PATHS = "$(inherited) @executable_path/../Frameworks";
				PRODUCT_BUNDLE_IDENTIFIER = uk.co.squarefrog.DailyDesktop;
				PRODUCT_NAME = DailyDesktop;
				SWIFT_VERSION = 3.0;
			};
			name = Debug;
		};
		0EA99EDC1D2596CC00805887 /* Release */ = {
			isa = XCBuildConfiguration;
			buildSettings = {
				ASSETCATALOG_COMPILER_APPICON_NAME = AppIcon;
				COMBINE_HIDPI_IMAGES = YES;
				INFOPLIST_FILE = DailyDesktop/Info.plist;
				LD_RUNPATH_SEARCH_PATHS = "$(inherited) @executable_path/../Frameworks";
				PRODUCT_BUNDLE_IDENTIFIER = uk.co.squarefrog.DailyDesktop;
				PRODUCT_NAME = DailyDesktop;
				SWIFT_VERSION = 3.0;
			};
			name = Release;
		};
		0EA99EDE1D2596CC00805887 /* Debug */ = {
			isa = XCBuildConfiguration;
			buildSettings = {
				BUNDLE_LOADER = "$(TEST_HOST)";
				CLANG_ENABLE_MODULES = YES;
				COMBINE_HIDPI_IMAGES = YES;
				INFOPLIST_FILE = DailyDesktopTests/Info.plist;
				LD_RUNPATH_SEARCH_PATHS = "$(inherited) @executable_path/../Frameworks @loader_path/../Frameworks";
				PRODUCT_BUNDLE_IDENTIFIER = uk.co.squarefrog.DailyDesktopTests;
				PRODUCT_NAME = DailyDesktopTests;
				SWIFT_OPTIMIZATION_LEVEL = "-Onone";
				SWIFT_VERSION = 3.0;
				TEST_HOST = "$(BUILT_PRODUCTS_DIR)/DailyDesktop.app/Contents/MacOS/DailyDesktop";
			};
			name = Debug;
		};
		0EA99EDF1D2596CC00805887 /* Release */ = {
			isa = XCBuildConfiguration;
			buildSettings = {
				BUNDLE_LOADER = "$(TEST_HOST)";
				CLANG_ENABLE_MODULES = YES;
				COMBINE_HIDPI_IMAGES = YES;
				INFOPLIST_FILE = DailyDesktopTests/Info.plist;
				LD_RUNPATH_SEARCH_PATHS = "$(inherited) @executable_path/../Frameworks @loader_path/../Frameworks";
				PRODUCT_BUNDLE_IDENTIFIER = uk.co.squarefrog.DailyDesktopTests;
				PRODUCT_NAME = DailyDesktopTests;
				SWIFT_VERSION = 3.0;
				TEST_HOST = "$(BUILT_PRODUCTS_DIR)/DailyDesktop.app/Contents/MacOS/DailyDesktop";
			};
			name = Release;
		};
/* End XCBuildConfiguration section */

/* Begin XCConfigurationList section */
		0EA99EBD1D2596CC00805887 /* Build configuration list for PBXProject "DailyDesktop" */ = {
			isa = XCConfigurationList;
			buildConfigurations = (
				0EA99ED81D2596CC00805887 /* Debug */,
				0EA99ED91D2596CC00805887 /* Release */,
			);
			defaultConfigurationIsVisible = 0;
			defaultConfigurationName = Release;
		};
		0EA99EDA1D2596CC00805887 /* Build configuration list for PBXNativeTarget "DailyDesktop" */ = {
			isa = XCConfigurationList;
			buildConfigurations = (
				0EA99EDB1D2596CC00805887 /* Debug */,
				0EA99EDC1D2596CC00805887 /* Release */,
			);
			defaultConfigurationIsVisible = 0;
			defaultConfigurationName = Release;
		};
		0EA99EDD1D2596CC00805887 /* Build configuration list for PBXNativeTarget "DailyDesktopTests" */ = {
			isa = XCConfigurationList;
			buildConfigurations = (
				0EA99EDE1D2596CC00805887 /* Debug */,
				0EA99EDF1D2596CC00805887 /* Release */,
			);
			defaultConfigurationIsVisible = 0;
			defaultConfigurationName = Release;
		};
/* End XCConfigurationList section */
	};
	rootObject = 0EA99EBA1D2596CC00805887 /* Project object */;
}
